// !$*UTF8*$!
{
	archiveVersion = 1;
	classes = {
	};
	objectVersion = 46;
	objects = {

/* Begin PBXBuildFile section */
		9A9403041EB323B20081A960 /* main.cpp in Sources */ = {isa = PBXBuildFile; fileRef = 9A9403031EB323B20081A960 /* main.cpp */; };
		9A94030C1EB323F30081A960 /* OpenGL.framework in Frameworks */ = {isa = PBXBuildFile; fileRef = 9A94030B1EB323F30081A960 /* OpenGL.framework */; };
		9A94030E1EB324000081A960 /* libGLEW.2.0.0.dylib in Frameworks */ = {isa = PBXBuildFile; fileRef = 9A94030D1EB324000081A960 /* libGLEW.2.0.0.dylib */; };
		9A9403101EB3240F0081A960 /* libglfw.3.2.dylib in Frameworks */ = {isa = PBXBuildFile; fileRef = 9A94030F1EB3240F0081A960 /* libglfw.3.2.dylib */; };
/* End PBXBuildFile section */

/* Begin PBXCopyFilesBuildPhase section */
		9A9402FE1EB323B20081A960 /* CopyFiles */ = {
			isa = PBXCopyFilesBuildPhase;
			buildActionMask = 2147483647;
			dstPath = /usr/share/man/man1/;
			dstSubfolderSpec = 0;
			files = (
			);
			runOnlyForDeploymentPostprocessing = 1;
		};
/* End PBXCopyFilesBuildPhase section */

/* Begin PBXFileReference section */
		9A9403001EB323B20081A960 /* 1.1hellowindow */ = {isa = PBXFileReference; explicitFileType = "compiled.mach-o.executable"; includeInIndex = 0; path = 1.1hellowindow; sourceTree = BUILT_PRODUCTS_DIR; };
		9A9403031EB323B20081A960 /* main.cpp */ = {isa = PBXFileReference; lastKnownFileType = sourcecode.cpp.cpp; path = main.cpp; sourceTree = "<group>"; };
		9A94030B1EB323F30081A960 /* OpenGL.framework */ = {isa = PBXFileReference; lastKnownFileType = wrapper.framework; name = OpenGL.framework; path = System/Library/Frameworks/OpenGL.framework; sourceTree = SDKROOT; };
		9A94030D1EB324000081A960 /* libGLEW.2.0.0.dylib */ = {isa = PBXFileReference; lastKnownFileType = "compiled.mach-o.dylib"; name = libGLEW.2.0.0.dylib; path = ../../../../../../usr/local/Cellar/glew/2.0.0/lib/libGLEW.2.0.0.dylib; sourceTree = "<group>"; };
		9A94030F1EB3240F0081A960 /* libglfw.3.2.dylib */ = {isa = PBXFileReference; lastKnownFileType = "compiled.mach-o.dylib"; name = libglfw.3.2.dylib; path = ../../../../../../usr/local/Cellar/glfw/3.2.1/lib/libglfw.3.2.dylib; sourceTree = "<group>"; };
/* End PBXFileReference section */

/* Begin PBXFrameworksBuildPhase section */
		9A9402FD1EB323B20081A960 /* Frameworks */ = {
			isa = PBXFrameworksBuildPhase;
			buildActionMask = 2147483647;
			files = (
				9A9403101EB3240F0081A960 /* libglfw.3.2.dylib in Frameworks */,
				9A94030E1EB324000081A960 /* libGLEW.2.0.0.dylib in Frameworks */,
				9A94030C1EB323F30081A960 /* OpenGL.framework in Frameworks */,
			);
			runOnlyForDeploymentPostprocessing = 0;
		};
/* End PBXFrameworksBuildPhase section */

/* Begin PBXGroup section */
		9A9402F71EB323B20081A960 = {
			isa = PBXGroup;
			children = (
				9A9403021EB323B20081A960 /* 1.1hellowindow */,
				9A9403011EB323B20081A960 /* Products */,
				9A94030A1EB323F30081A960 /* Frameworks */,
			);
			sourceTree = "<group>";
		};
		9A9403011EB323B20081A960 /* Products */ = {
			isa = PBXGroup;
			children = (
				9A9403001EB323B20081A960 /* 1.1hellowindow */,
			);
			name = Products;
			sourceTree = "<group>";
		};
		9A9403021EB323B20081A960 /* 1.1hellowindow */ = {
			isa = PBXGroup;
			children = (
				9A9403031EB323B20081A960 /* main.cpp */,
			);
			path = 1.1hellowindow;
			sourceTree = "<group>";
		};
		9A94030A1EB323F30081A960 /* Frameworks */ = {
			isa = PBXGroup;
			children = (
				9A94030F1EB3240F0081A960 /* libglfw.3.2.dylib */,
				9A94030D1EB324000081A960 /* libGLEW.2.0.0.dylib */,
				9A94030B1EB323F30081A960 /* OpenGL.framework */,
			);
			name = Frameworks;
			sourceTree = "<group>";
		};
/* End PBXGroup section */

/* Begin PBXNativeTarget section */
		9A9402FF1EB323B20081A960 /* 1.1hellowindow */ = {
			isa = PBXNativeTarget;
			buildConfigurationList = 9A9403071EB323B20081A960 /* Build configuration list for PBXNativeTarget "1.1hellowindow" */;
			buildPhases = (
				9A9402FC1EB323B20081A960 /* Sources */,
				9A9402FD1EB323B20081A960 /* Frameworks */,
				9A9402FE1EB323B20081A960 /* CopyFiles */,
			);
			buildRules = (
			);
			dependencies = (
			);
			name = 1.1hellowindow;
			productName = 1.1hellowindow;
			productReference = 9A9403001EB323B20081A960 /* 1.1hellowindow */;
			productType = "com.apple.product-type.tool";
		};
/* End PBXNativeTarget section */

/* Begin PBXProject section */
		9A9402F81EB323B20081A960 /* Project object */ = {
			isa = PBXProject;
			attributes = {
				LastUpgradeCheck = 0830;
				ORGANIZATIONNAME = tomxiang;
				TargetAttributes = {
					9A9402FF1EB323B20081A960 = {
						CreatedOnToolsVersion = 8.3.2;
						DevelopmentTeam = N4S5894589;
						ProvisioningStyle = Automatic;
					};
				};
			};
			buildConfigurationList = 9A9402FB1EB323B20081A960 /* Build configuration list for PBXProject "1.1hellowindow" */;
			compatibilityVersion = "Xcode 3.2";
			developmentRegion = English;
			hasScannedForEncodings = 0;
			knownRegions = (
				en,
			);
			mainGroup = 9A9402F71EB323B20081A960;
			productRefGroup = 9A9403011EB323B20081A960 /* Products */;
			projectDirPath = "";
			projectRoot = "";
			targets = (
				9A9402FF1EB323B20081A960 /* 1.1hellowindow */,
			);
		};
/* End PBXProject section */

/* Begin PBXSourcesBuildPhase section */
		9A9402FC1EB323B20081A960 /* Sources */ = {
			isa = PBXSourcesBuildPhase;
			buildActionMask = 2147483647;
			files = (
				9A9403041EB323B20081A960 /* main.cpp in Sources */,
			);
			runOnlyForDeploymentPostprocessing = 0;
		};
/* End PBXSourcesBuildPhase section */

/* Begin XCBuildConfiguration section */
		9A9403051EB323B20081A960 /* Debug */ = {
			isa = XCBuildConfiguration;
			buildSettings = {
				ALWAYS_SEARCH_USER_PATHS = NO;
				CLANG_ANALYZER_NONNULL = YES;
				CLANG_ANALYZER_NUMBER_OBJECT_CONVERSION = YES_AGGRESSIVE;
				CLANG_CXX_LANGUAGE_STANDARD = "gnu++0x";
				CLANG_CXX_LIBRARY = "libc++";
				CLANG_ENABLE_MODULES = YES;
				CLANG_ENABLE_OBJC_ARC = YES;
				CLANG_WARN_BOOL_CONVERSION = YES;
				CLANG_WARN_CONSTANT_CONVERSION = YES;
				CLANG_WARN_DIRECT_OBJC_ISA_USAGE = YES_ERROR;
				CLANG_WARN_DOCUMENTATION_COMMENTS = YES;
				CLANG_WARN_EMPTY_BODY = YES;
				CLANG_WARN_ENUM_CONVERSION = YES;
				CLANG_WARN_INFINITE_RECURSION = YES;
				CLANG_WARN_INT_CONVERSION = YES;
				CLANG_WARN_OBJC_ROOT_CLASS = YES_ERROR;
				CLANG_WARN_SUSPICIOUS_MOVE = YES;
				CLANG_WARN_UNREACHABLE_CODE = YES;
				CLANG_WARN__DUPLICATE_METHOD_MATCH = YES;
				CODE_SIGN_IDENTITY = "-";
				COPY_PHASE_STRIP = NO;
				DEBUG_INFORMATION_FORMAT = dwarf;
				ENABLE_STRICT_OBJC_MSGSEND = YES;
				ENABLE_TESTABILITY = YES;
				GCC_C_LANGUAGE_STANDARD = gnu99;
				GCC_DYNAMIC_NO_PIC = NO;
				GCC_NO_COMMON_BLOCKS = YES;
				GCC_OPTIMIZATION_LEVEL = 0;
				GCC_PREPROCESSOR_DEFINITIONS = (
					"DEBUG=1",
					"$(inherited)",
				);
				GCC_WARN_64_TO_32_BIT_CONVERSION = YES;
				GCC_WARN_ABOUT_RETURN_TYPE = YES_ERROR;
				GCC_WARN_UNDECLARED_SELECTOR = YES;
				GCC_WARN_UNINITIALIZED_AUTOS = YES_AGGRESSIVE;
				GCC_WARN_UNUSED_FUNCTION = YES;
				GCC_WARN_UNUSED_VARIABLE = YES;
				MACOSX_DEPLOYMENT_TARGET = 10.12;
				MTL_ENABLE_DEBUG_INFO = YES;
				ONLY_ACTIVE_ARCH = YES;
				SDKROOT = macosx;
			};
			name = Debug;
		};
		9A9403061EB323B20081A960 /* Release */ = {
			isa = XCBuildConfiguration;
			buildSettings = {
				ALWAYS_SEARCH_USER_PATHS = NO;
				CLANG_ANALYZER_NONNULL = YES;
				CLANG_ANALYZER_NUMBER_OBJECT_CONVERSION = YES_AGGRESSIVE;
				CLANG_CXX_LANGUAGE_STANDARD = "gnu++0x";
				CLANG_CXX_LIBRARY = "libc++";
				CLANG_ENABLE_MODULES = YES;
				CLANG_ENABLE_OBJC_ARC = YES;
				CLANG_WARN_BOOL_CONVERSION = YES;
				CLANG_WARN_CONSTANT_CONVERSION = YES;
				CLANG_WARN_DIRECT_OBJC_ISA_USAGE = YES_ERROR;
				CLANG_WARN_DOCUMENTATION_COMMENTS = YES;
				CLANG_WARN_EMPTY_BODY = YES;
				CLANG_WARN_ENUM_CONVERSION = YES;
				CLANG_WARN_INFINITE_RECURSION = YES;
				CLANG_WARN_INT_CONVERSION = YES;
				CLANG_WARN_OBJC_ROOT_CLASS = YES_ERROR;
				CLANG_WARN_SUSPICIOUS_MOVE = YES;
				CLANG_WARN_UNREACHABLE_CODE = YES;
				CLANG_WARN__DUPLICATE_METHOD_MATCH = YES;
				CODE_SIGN_IDENTITY = "-";
				COPY_PHASE_STRIP = NO;
				DEBUG_INFORMATION_FORMAT = "dwarf-with-dsym";
				ENABLE_NS_ASSERTIONS = NO;
				ENABLE_STRICT_OBJC_MSGSEND = YES;
				GCC_C_LANGUAGE_STANDARD = gnu99;
				GCC_NO_COMMON_BLOCKS = YES;
				GCC_WARN_64_TO_32_BIT_CONVERSION = YES;
				GCC_WARN_ABOUT_RETURN_TYPE = YES_ERROR;
				GCC_WARN_UNDECLARED_SELECTOR = YES;
				GCC_WARN_UNINITIALIZED_AUTOS = YES_AGGRESSIVE;
				GCC_WARN_UNUSED_FUNCTION = YES;
				GCC_WARN_UNUSED_VARIABLE = YES;
				MACOSX_DEPLOYMENT_TARGET = 10.12;
				MTL_ENABLE_DEBUG_INFO = NO;
				SDKROOT = macosx;
			};
			name = Release;
		};
		9A9403081EB323B20081A960 /* Debug */ = {
			isa = XCBuildConfiguration;
			buildSettings = {
				DEVELOPMENT_TEAM = N4S5894589;
				HEADER_SEARCH_PATHS = (
					"$(glew_header)",
					"$(glfw_header)",
					"$(glew_lib)",
					"$(glfw_lib)",
				);
				LIBRARY_SEARCH_PATHS = (
					"$(inherited)",
					/usr/local/Cellar/glew/2.0.0/lib,
					/usr/local/Cellar/glfw/3.2.1/lib,
				);
				PRODUCT_NAME = "$(TARGET_NAME)";
			};
			name = Debug;
		};
		9A9403091EB323B20081A960 /* Release */ = {
			isa = XCBuildConfiguration;
			buildSettings = {
				DEVELOPMENT_TEAM = N4S5894589;
				HEADER_SEARCH_PATHS = (
					"$(glew_header)",
					"$(glfw_header)",
					"$(glew_lib)",
					"$(glfw_lib)",
				);
				LIBRARY_SEARCH_PATHS = (
					"$(inherited)",
					/usr/local/Cellar/glew/2.0.0/lib,
					/usr/local/Cellar/glfw/3.2.1/lib,
				);
				PRODUCT_NAME = "$(TARGET_NAME)";
			};
			name = Release;
		};
/* End XCBuildConfiguration section */

/* Begin XCConfigurationList section */
		9A9402FB1EB323B20081A960 /* Build configuration list for PBXProject "1.1hellowindow" */ = {
			isa = XCConfigurationList;
			buildConfigurations = (
				9A9403051EB323B20081A960 /* Debug */,
				9A9403061EB323B20081A960 /* Release */,
			);
			defaultConfigurationIsVisible = 0;
			defaultConfigurationName = Release;
		};
		9A9403071EB323B20081A960 /* Build configuration list for PBXNativeTarget "1.1hellowindow" */ = {
			isa = XCConfigurationList;
			buildConfigurations = (
				9A9403081EB323B20081A960 /* Debug */,
				9A9403091EB323B20081A960 /* Release */,
			);
			defaultConfigurationIsVisible = 0;
		};
/* End XCConfigurationList section */
	};
	rootObject = 9A9402F81EB323B20081A960 /* Project object */;
}
