// !$*UTF8*$!
{
	archiveVersion = 1;
	classes = {
	};
	objectVersion = 46;
	objects = {

/* Begin PBXBuildFile section */
		9A0338951EE2B41400191881 /* libSOIL.a in Frameworks */ = {isa = PBXBuildFile; fileRef = 9A91348A1EB728CE00D6B15F /* libSOIL.a */; };
		9A91347D1EB7259100D6B15F /* main.cpp in Sources */ = {isa = PBXBuildFile; fileRef = 9A91347C1EB7259100D6B15F /* main.cpp */; };
		9A9134851EB725A000D6B15F /* OpenGL.framework in Frameworks */ = {isa = PBXBuildFile; fileRef = 9A9134841EB725A000D6B15F /* OpenGL.framework */; };
		9A9134871EB7267600D6B15F /* libGLEW.2.0.0.dylib in Frameworks */ = {isa = PBXBuildFile; fileRef = 9A9134861EB7267600D6B15F /* libGLEW.2.0.0.dylib */; };
		9A9134891EB7268100D6B15F /* libglfw.3.2.dylib in Frameworks */ = {isa = PBXBuildFile; fileRef = 9A9134881EB7268100D6B15F /* libglfw.3.2.dylib */; };
/* End PBXBuildFile section */

/* Begin PBXCopyFilesBuildPhase section */
		9A9134771EB7259100D6B15F /* CopyFiles */ = {
			isa = PBXCopyFilesBuildPhase;
			buildActionMask = 2147483647;
			dstPath = /usr/share/man/man1/;
			dstSubfolderSpec = 0;
			files = (
			);
			runOnlyForDeploymentPostprocessing = 1;
		};
/* End PBXCopyFilesBuildPhase section */

/* Begin PBXFileReference section */
		9A9134791EB7259100D6B15F /* 1.4textures */ = {isa = PBXFileReference; explicitFileType = "compiled.mach-o.executable"; includeInIndex = 0; path = 1.4textures; sourceTree = BUILT_PRODUCTS_DIR; };
		9A91347C1EB7259100D6B15F /* main.cpp */ = {isa = PBXFileReference; lastKnownFileType = sourcecode.cpp.cpp; path = main.cpp; sourceTree = "<group>"; };
		9A9134841EB725A000D6B15F /* OpenGL.framework */ = {isa = PBXFileReference; lastKnownFileType = wrapper.framework; name = OpenGL.framework; path = System/Library/Frameworks/OpenGL.framework; sourceTree = SDKROOT; };
		9A9134861EB7267600D6B15F /* libGLEW.2.0.0.dylib */ = {isa = PBXFileReference; lastKnownFileType = "compiled.mach-o.dylib"; name = libGLEW.2.0.0.dylib; path = ../../../../../../usr/local/Cellar/glew/2.0.0/lib/libGLEW.2.0.0.dylib; sourceTree = "<group>"; };
		9A9134881EB7268100D6B15F /* libglfw.3.2.dylib */ = {isa = PBXFileReference; lastKnownFileType = "compiled.mach-o.dylib"; name = libglfw.3.2.dylib; path = ../../../../../../usr/local/Cellar/glfw/3.2.1/lib/libglfw.3.2.dylib; sourceTree = "<group>"; };
		9A91348A1EB728CE00D6B15F /* libSOIL.a */ = {isa = PBXFileReference; lastKnownFileType = archive.ar; name = libSOIL.a; path = ../../../SOIL/Debug/libSOIL.a; sourceTree = "<group>"; };
		9A91348C1EB729C100D6B15F /* libSOIL.1.07.dylib */ = {isa = PBXFileReference; lastKnownFileType = "compiled.mach-o.dylib"; name = libSOIL.1.07.dylib; path = ../../../SOIL/Debug/libSOIL.1.07.dylib; sourceTree = "<group>"; };
		9A91348E1EB72B1E00D6B15F /* basic.frag */ = {isa = PBXFileReference; fileEncoding = 4; lastKnownFileType = sourcecode.glsl; path = basic.frag; sourceTree = "<group>"; };
		9A91348F1EB72B1E00D6B15F /* basic.vs */ = {isa = PBXFileReference; fileEncoding = 4; lastKnownFileType = sourcecode.glsl; path = basic.vs; sourceTree = "<group>"; };
		9A9134901EB72B1E00D6B15F /* shader.h */ = {isa = PBXFileReference; fileEncoding = 4; lastKnownFileType = sourcecode.c.h; path = shader.h; sourceTree = "<group>"; };
/* End PBXFileReference section */

/* Begin PBXFrameworksBuildPhase section */
		9A9134761EB7259100D6B15F /* Frameworks */ = {
			isa = PBXFrameworksBuildPhase;
			buildActionMask = 2147483647;
			files = (
				9A0338951EE2B41400191881 /* libSOIL.a in Frameworks */,
				9A9134891EB7268100D6B15F /* libglfw.3.2.dylib in Frameworks */,
				9A9134871EB7267600D6B15F /* libGLEW.2.0.0.dylib in Frameworks */,
				9A9134851EB725A000D6B15F /* OpenGL.framework in Frameworks */,
			);
			runOnlyForDeploymentPostprocessing = 0;
		};
/* End PBXFrameworksBuildPhase section */

/* Begin PBXGroup section */
		9A9134701EB7259100D6B15F = {
			isa = PBXGroup;
			children = (
				9A91347B1EB7259100D6B15F /* 1.4textures */,
				9A91347A1EB7259100D6B15F /* Products */,
				9A9134831EB725A000D6B15F /* Frameworks */,
			);
			sourceTree = "<group>";
		};
		9A91347A1EB7259100D6B15F /* Products */ = {
			isa = PBXGroup;
			children = (
				9A9134791EB7259100D6B15F /* 1.4textures */,
			);
			name = Products;
			sourceTree = "<group>";
		};
		9A91347B1EB7259100D6B15F /* 1.4textures */ = {
			isa = PBXGroup;
			children = (
				9A91348E1EB72B1E00D6B15F /* basic.frag */,
				9A91348F1EB72B1E00D6B15F /* basic.vs */,
				9A9134901EB72B1E00D6B15F /* shader.h */,
				9A91347C1EB7259100D6B15F /* main.cpp */,
			);
			path = 1.4textures;
			sourceTree = "<group>";
		};
		9A9134831EB725A000D6B15F /* Frameworks */ = {
			isa = PBXGroup;
			children = (
				9A91348C1EB729C100D6B15F /* libSOIL.1.07.dylib */,
				9A91348A1EB728CE00D6B15F /* libSOIL.a */,
				9A9134881EB7268100D6B15F /* libglfw.3.2.dylib */,
				9A9134861EB7267600D6B15F /* libGLEW.2.0.0.dylib */,
				9A9134841EB725A000D6B15F /* OpenGL.framework */,
			);
			name = Frameworks;
			sourceTree = "<group>";
		};
/* End PBXGroup section */

/* Begin PBXNativeTarget section */
		9A9134781EB7259100D6B15F /* 1.4textures */ = {
			isa = PBXNativeTarget;
			buildConfigurationList = 9A9134801EB7259100D6B15F /* Build configuration list for PBXNativeTarget "1.4textures" */;
			buildPhases = (
				9A9134751EB7259100D6B15F /* Sources */,
				9A9134761EB7259100D6B15F /* Frameworks */,
				9A9134771EB7259100D6B15F /* CopyFiles */,
			);
			buildRules = (
			);
			dependencies = (
			);
			name = 1.4textures;
			productName = 1.4textures;
			productReference = 9A9134791EB7259100D6B15F /* 1.4textures */;
			productType = "com.apple.product-type.tool";
		};
/* End PBXNativeTarget section */

/* Begin PBXProject section */
		9A9134711EB7259100D6B15F /* Project object */ = {
			isa = PBXProject;
			attributes = {
				LastUpgradeCheck = 0830;
				ORGANIZATIONNAME = tomxiang;
				TargetAttributes = {
					9A9134781EB7259100D6B15F = {
						CreatedOnToolsVersion = 8.3.2;
						DevelopmentTeam = N4S5894589;
						ProvisioningStyle = Automatic;
					};
				};
			};
			buildConfigurationList = 9A9134741EB7259100D6B15F /* Build configuration list for PBXProject "1.4textures" */;
			compatibilityVersion = "Xcode 3.2";
			developmentRegion = English;
			hasScannedForEncodings = 0;
			knownRegions = (
				en,
			);
			mainGroup = 9A9134701EB7259100D6B15F;
			productRefGroup = 9A91347A1EB7259100D6B15F /* Products */;
			projectDirPath = "";
			projectRoot = "";
			targets = (
				9A9134781EB7259100D6B15F /* 1.4textures */,
			);
		};
/* End PBXProject section */

/* Begin PBXSourcesBuildPhase section */
		9A9134751EB7259100D6B15F /* Sources */ = {
			isa = PBXSourcesBuildPhase;
			buildActionMask = 2147483647;
			files = (
				9A91347D1EB7259100D6B15F /* main.cpp in Sources */,
			);
			runOnlyForDeploymentPostprocessing = 0;
		};
/* End PBXSourcesBuildPhase section */

/* Begin XCBuildConfiguration section */
		9A91347E1EB7259100D6B15F /* Debug */ = {
			isa = XCBuildConfiguration;
			buildSettings = {
				ALWAYS_SEARCH_USER_PATHS = NO;
				CLANG_ANALYZER_NONNULL = YES;
				CLANG_ANALYZER_NUMBER_OBJECT_CONVERSION = YES_AGGRESSIVE;
				CLANG_CXX_LANGUAGE_STANDARD = "gnu++0x";
				CLANG_CXX_LIBRARY = "libc++";
				CLANG_ENABLE_MODULES = YES;
				CLANG_ENABLE_OBJC_ARC = YES;
				CLANG_WARN_BOOL_CONVERSION = YES;
				CLANG_WARN_CONSTANT_CONVERSION = YES;
				CLANG_WARN_DIRECT_OBJC_ISA_USAGE = YES_ERROR;
				CLANG_WARN_DOCUMENTATION_COMMENTS = YES;
				CLANG_WARN_EMPTY_BODY = YES;
				CLANG_WARN_ENUM_CONVERSION = YES;
				CLANG_WARN_INFINITE_RECURSION = YES;
				CLANG_WARN_INT_CONVERSION = YES;
				CLANG_WARN_OBJC_ROOT_CLASS = YES_ERROR;
				CLANG_WARN_SUSPICIOUS_MOVE = YES;
				CLANG_WARN_UNREACHABLE_CODE = YES;
				CLANG_WARN__DUPLICATE_METHOD_MATCH = YES;
				CODE_SIGN_IDENTITY = "-";
				COPY_PHASE_STRIP = NO;
				DEBUG_INFORMATION_FORMAT = dwarf;
				ENABLE_STRICT_OBJC_MSGSEND = YES;
				ENABLE_TESTABILITY = YES;
				GCC_C_LANGUAGE_STANDARD = gnu99;
				GCC_DYNAMIC_NO_PIC = NO;
				GCC_NO_COMMON_BLOCKS = YES;
				GCC_OPTIMIZATION_LEVEL = 0;
				GCC_PREPROCESSOR_DEFINITIONS = (
					"DEBUG=1",
					"$(inherited)",
				);
				GCC_WARN_64_TO_32_BIT_CONVERSION = YES;
				GCC_WARN_ABOUT_RETURN_TYPE = YES_ERROR;
				GCC_WARN_UNDECLARED_SELECTOR = YES;
				GCC_WARN_UNINITIALIZED_AUTOS = YES_AGGRESSIVE;
				GCC_WARN_UNUSED_FUNCTION = YES;
				GCC_WARN_UNUSED_VARIABLE = YES;
				MACOSX_DEPLOYMENT_TARGET = 10.12;
				MTL_ENABLE_DEBUG_INFO = YES;
				ONLY_ACTIVE_ARCH = YES;
				SDKROOT = macosx;
			};
			name = Debug;
		};
		9A91347F1EB7259100D6B15F /* Release */ = {
			isa = XCBuildConfiguration;
			buildSettings = {
				ALWAYS_SEARCH_USER_PATHS = NO;
				CLANG_ANALYZER_NONNULL = YES;
				CLANG_ANALYZER_NUMBER_OBJECT_CONVERSION = YES_AGGRESSIVE;
				CLANG_CXX_LANGUAGE_STANDARD = "gnu++0x";
				CLANG_CXX_LIBRARY = "libc++";
				CLANG_ENABLE_MODULES = YES;
				CLANG_ENABLE_OBJC_ARC = YES;
				CLANG_WARN_BOOL_CONVERSION = YES;
				CLANG_WARN_CONSTANT_CONVERSION = YES;
				CLANG_WARN_DIRECT_OBJC_ISA_USAGE = YES_ERROR;
				CLANG_WARN_DOCUMENTATION_COMMENTS = YES;
				CLANG_WARN_EMPTY_BODY = YES;
				CLANG_WARN_ENUM_CONVERSION = YES;
				CLANG_WARN_INFINITE_RECURSION = YES;
				CLANG_WARN_INT_CONVERSION = YES;
				CLANG_WARN_OBJC_ROOT_CLASS = YES_ERROR;
				CLANG_WARN_SUSPICIOUS_MOVE = YES;
				CLANG_WARN_UNREACHABLE_CODE = YES;
				CLANG_WARN__DUPLICATE_METHOD_MATCH = YES;
				CODE_SIGN_IDENTITY = "-";
				COPY_PHASE_STRIP = NO;
				DEBUG_INFORMATION_FORMAT = "dwarf-with-dsym";
				ENABLE_NS_ASSERTIONS = NO;
				ENABLE_STRICT_OBJC_MSGSEND = YES;
				GCC_C_LANGUAGE_STANDARD = gnu99;
				GCC_NO_COMMON_BLOCKS = YES;
				GCC_WARN_64_TO_32_BIT_CONVERSION = YES;
				GCC_WARN_ABOUT_RETURN_TYPE = YES_ERROR;
				GCC_WARN_UNDECLARED_SELECTOR = YES;
				GCC_WARN_UNINITIALIZED_AUTOS = YES_AGGRESSIVE;
				GCC_WARN_UNUSED_FUNCTION = YES;
				GCC_WARN_UNUSED_VARIABLE = YES;
				MACOSX_DEPLOYMENT_TARGET = 10.12;
				MTL_ENABLE_DEBUG_INFO = NO;
				SDKROOT = macosx;
			};
			name = Release;
		};
		9A9134811EB7259100D6B15F /* Debug */ = {
			isa = XCBuildConfiguration;
			buildSettings = {
				DEVELOPMENT_TEAM = N4S5894589;
				HEADER_SEARCH_PATHS = (
					"$(glew_header)",
					"$(glfw_header)",
					"$(soil_header)",
				);
				LIBRARY_SEARCH_PATHS = (
					"$(inherited)",
					"$(soil_lib)",
					"$(glew_lib)",
					"$(glfw_lib)",
				);
				PRODUCT_NAME = "$(TARGET_NAME)";
			};
			name = Debug;
		};
		9A9134821EB7259100D6B15F /* Release */ = {
			isa = XCBuildConfiguration;
			buildSettings = {
				DEVELOPMENT_TEAM = N4S5894589;
				HEADER_SEARCH_PATHS = (
					"$(glew_header)",
					"$(glfw_header)",
					"$(soil_header)",
				);
				LIBRARY_SEARCH_PATHS = (
					"$(inherited)",
					"$(soil_lib)",
					"$(glew_lib)",
					"$(glfw_lib)",
				);
				PRODUCT_NAME = "$(TARGET_NAME)";
			};
			name = Release;
		};
/* End XCBuildConfiguration section */

/* Begin XCConfigurationList section */
		9A9134741EB7259100D6B15F /* Build configuration list for PBXProject "1.4textures" */ = {
			isa = XCConfigurationList;
			buildConfigurations = (
				9A91347E1EB7259100D6B15F /* Debug */,
				9A91347F1EB7259100D6B15F /* Release */,
			);
			defaultConfigurationIsVisible = 0;
			defaultConfigurationName = Release;
		};
		9A9134801EB7259100D6B15F /* Build configuration list for PBXNativeTarget "1.4textures" */ = {
			isa = XCConfigurationList;
			buildConfigurations = (
				9A9134811EB7259100D6B15F /* Debug */,
				9A9134821EB7259100D6B15F /* Release */,
			);
			defaultConfigurationIsVisible = 0;
			defaultConfigurationName = Release;
		};
/* End XCConfigurationList section */
	};
	rootObject = 9A9134711EB7259100D6B15F /* Project object */;
}
